
Microsoft Visual Studio Solution File, Format Version 12.00
# Visual Studio Version 17
VisualStudioVersion = 17.1.32407.343
MinimumVisualStudioVersion = 10.0.40219.1
Project("{9A19103F-16F7-4668-BE54-9A1E7A4F7556}") = "CartoonApis", "CartoonApis\CartoonApis.csproj", "{34A563DB-418B-45B8-A599-D656A6603EA2}"
EndProject
Project("{FAE04EC0-301F-11D3-BF4B-00C04F79EFBC}") = "CartoonApis.Test", "CartoonApis.Test\CartoonApis.Test.csproj", "{A6DD7885-9FB5-4003-BEF9-84092C248AAE}"
EndProject
Global
	GlobalSection(SolutionConfigurationPlatforms) = preSolution
		Debug|Any CPU = Debug|Any CPU
		Release|Any CPU = Release|Any CPU
	EndGlobalSection
	GlobalSection(ProjectConfigurationPlatforms) = postSolution
		{34A563DB-418B-45B8-A599-D656A6603EA2}.Debug|Any CPU.ActiveCfg = Debug|Any CPU
		{34A563DB-418B-45B8-A599-D656A6603EA2}.Debug|Any CPU.Build.0 = Debug|Any CPU
		{34A563DB-418B-45B8-A599-D656A6603EA2}.Release|Any CPU.ActiveCfg = Release|Any CPU
		{34A563DB-418B-45B8-A599-D656A6603EA2}.Release|Any CPU.Build.0 = Release|Any CPU
		{A6DD7885-9FB5-4003-BEF9-84092C248AAE}.Debug|Any CPU.ActiveCfg = Debug|Any CPU
		{A6DD7885-9FB5-4003-BEF9-84092C248AAE}.Debug|Any CPU.Build.0 = Debug|Any CPU
		{A6DD7885-9FB5-4003-BEF9-84092C248AAE}.Release|Any CPU.ActiveCfg = Release|Any CPU
		{A6DD7885-9FB5-4003-BEF9-84092C248AAE}.Release|Any CPU.Build.0 = Release|Any CPU
	EndGlobalSection
	GlobalSection(SolutionProperties) = preSolution
		HideSolutionNode = FALSE
	EndGlobalSection
	GlobalSection(ExtensibilityGlobals) = postSolution
		SolutionGuid = {3A3BF7A6-E377-4848-874E-26F3576960FC}
	EndGlobalSection
EndGlobal
